<<<<<<< HEAD
{"code": "inner-head-v3", "relative_scss_path": "scss/components/inner-head-v3/component.scss", "title": "inner-head-v3", "relative_js_path": "js/inner-head-v3/", "component_type": "inner_head", "relative_html_path": "mainapp/components/inner-head-v3/component.html", "html_path": "/home/popov/ac_rca_site/mainapp/templates/mainapp/components/inner-head-v3/component.html", "js_path": "", "scss_path": "/home/popov/ac_rca_site/assets/scss/components/inner-head-v3/component.scss"}
=======
{"relative_scss_path": "scss/components/inner-head-v3/component.scss", "relative_js_path": "js/inner-head-v3/", "title": "inner-head-v3", "component_type": "inner_head", "code": "inner-head-v3", "relative_html_path": "mainapp/components/inner-head-v3/component.html", "html_path": "/home/popov/ac_energocomplex_site/mainapp/templates/mainapp/components/inner-head-v3/component.html", "js_path": "", "scss_path": "/home/popov/ac_energocomplex_site/assets/scss/components/inner-head-v3/component.scss"}
>>>>>>> 3946286fd296f407492c80327175af9cc4cdb688
