<<<<<<< HEAD
<<<<<<< HEAD
{"code": "news-block-v1", "relative_scss_path": "scss/components/news-block-v1/component.scss", "title": "news-block-v1", "relative_js_path": "js/news-block-v1/", "html_path": "/home/popov/ac_rca_site/mainapp/templates/mainapp/components/news-block-v1/component.html", "relative_html_path": "mainapp/components/news-block-v1/component.html", "js_path": "", "component_type": "helper_block", "scss_path": "/home/popov/ac_rca_site/assets/scss/components/news-block-v1/component.scss"}
=======
{"relative_scss_path": "scss/components/news-block-v1/component.scss", "relative_js_path": "js/news-block-v1/", "title": "news-block-v1", "component_type": "helper_block", "code": "news-block-v1", "relative_html_path": "mainapp/components/news-block-v1/component.html", "html_path": "/home/popov/ac_energocomplex_site/mainapp/templates/mainapp/components/news-block-v1/component.html", "js_path": "", "scss_path": "/home/popov/ac_energocomplex_site/assets/scss/components/news-block-v1/component.scss"}
>>>>>>> 3946286fd296f407492c80327175af9cc4cdb688
=======
{"relative_scss_path": "scss/components/news-block-v1/component.scss", "relative_js_path": "js/news-block-v1/", "title": "news-block-v1", "component_type": "helper_block", "code": "news-block-v1", "relative_html_path": "mainapp/components/news-block-v1/component.html", "html_path": "/home/popov/ac_template_site/mainapp/templates/mainapp/components/news-block-v1/component.html", "js_path": "", "scss_path": "/home/popov/ac_template_site/assets/scss/components/news-block-v1/component.scss"}
>>>>>>> c1d3839ebb4cda11a1abf15cce1e7a59235ecd4b
