{"code": "top-addr-line-v2", "relative_scss_path": "scss/components/top-addr-line-v2/component.scss", "title": "top-addr-line-v2", "relative_js_path": "js/top-addr-line-v2/", "html_path": "/home/popov/ac_rca_site/mainapp/templates/mainapp/components/top-addr-line-v2/component.html", "relative_html_path": "mainapp/components/top-addr-line-v2/component.html", "js_path": "", "component_type": "top-addr-line", "scss_path": "/home/popov/ac_rca_site/assets/scss/components/top-addr-line-v2/component.scss"}